
Microsoft Visual Studio Solution File, Format Version 12.00
# Visual Studio Version 17
VisualStudioVersion = 17.3.32901.215
MinimumVisualStudioVersion = 10.0.40219.1
Project("{9A19103F-16F7-4668-BE54-9A1E7A4F7556}") = "ApimConsole", "ApimConsole\ApimConsole.csproj", "{9122AC3B-0B85-45E5-B7B4-2BD395A34988}"
EndProject
Project("{FAE04EC0-301F-11D3-BF4B-00C04F79EFBC}") = "ReadBlob", "ReadBlob\ReadBlob.csproj", "{06C52EC7-F58C-4B65-9DCB-26A95578AC93}"
EndProject
Global
	GlobalSection(SolutionConfigurationPlatforms) = preSolution
		Debug|Any CPU = Debug|Any CPU
		Release|Any CPU = Release|Any CPU
	EndGlobalSection
	GlobalSection(ProjectConfigurationPlatforms) = postSolution
		{9122AC3B-0B85-45E5-B7B4-2BD395A34988}.Debug|Any CPU.ActiveCfg = Debug|Any CPU
		{9122AC3B-0B85-45E5-B7B4-2BD395A34988}.Debug|Any CPU.Build.0 = Debug|Any CPU
		{9122AC3B-0B85-45E5-B7B4-2BD395A34988}.Release|Any CPU.ActiveCfg = Release|Any CPU
		{9122AC3B-0B85-45E5-B7B4-2BD395A34988}.Release|Any CPU.Build.0 = Release|Any CPU
		{06C52EC7-F58C-4B65-9DCB-26A95578AC93}.Debug|Any CPU.ActiveCfg = Debug|Any CPU
		{06C52EC7-F58C-4B65-9DCB-26A95578AC93}.Debug|Any CPU.Build.0 = Debug|Any CPU
		{06C52EC7-F58C-4B65-9DCB-26A95578AC93}.Release|Any CPU.ActiveCfg = Release|Any CPU
		{06C52EC7-F58C-4B65-9DCB-26A95578AC93}.Release|Any CPU.Build.0 = Release|Any CPU
	EndGlobalSection
	GlobalSection(SolutionProperties) = preSolution
		HideSolutionNode = FALSE
	EndGlobalSection
	GlobalSection(ExtensibilityGlobals) = postSolution
		SolutionGuid = {1395CACF-E2AC-4A79-B655-2369C2069557}
	EndGlobalSection
EndGlobal
